github.com/neversaynevernz/zinx v1.4.0 h1:4BgAueAGWBTe5cDIpAsiilDfIJiBGeZevT/l3WRnndk=
github.com/neversaynevernz/zinx v1.4.0/go.mod h1:7kVyHy/EWjhI8sNnpNybepGe+sO+kit5CQbAQRypYwU=
github.com/neversaynevernz/zinx v1.5.0 h1:nJz2FeZ1yAZr+GNfoSqcTGzbY4av6TS0BcWi24kNea4=
github.com/neversaynevernz/zinx v1.5.0/go.mod h1:7kVyHy/EWjhI8sNnpNybepGe+sO+kit5CQbAQRypYwU=
github.com/neversaynevernz/zinx v1.6.0 h1:TLTU33S+vb9xYUX4kmKWEV+bCkcxZJLg+3xn+o7FcSQ=
github.com/neversaynevernz/zinx v1.6.0/go.mod h1:7kVyHy/EWjhI8sNnpNybepGe+sO+kit5CQbAQRypYwU=
