github.com/neversaynevernz/zinx v0.0.0-20260428134932-311b217a97e6 h1:wZlNqtqCNDoctvTBa63pno8H3q4AP4K3uoRzf6L5pFE=
github.com/neversaynevernz/zinx v0.0.0-20260428134932-311b217a97e6/go.mod h1:7kVyHy/EWjhI8sNnpNybepGe+sO+kit5CQbAQRypYwU=
github.com/neversaynevernz/zinx v1.0.0 h1:MQegwpErGHSuXsibMWB5dRxCLTtqM+baA9r1ruS8V8I=
github.com/neversaynevernz/zinx v1.0.0/go.mod h1:7kVyHy/EWjhI8sNnpNybepGe+sO+kit5CQbAQRypYwU=
github.com/neversaynevernz/zinx v1.1.0 h1:Huo7JURFUiCMR6n04RDE3u0emN/Mp0sCXKBODqw6FFs=
github.com/neversaynevernz/zinx v1.1.0/go.mod h1:7kVyHy/EWjhI8sNnpNybepGe+sO+kit5CQbAQRypYwU=
